{
  "version": 4,
  "terraform_version": "0.12.26",
  "serial": 9,
  "lineage": "aacd8d7a-8da9-28f3-dd56-b48154045996",
  "outputs": {
    "my_op": {
      "value": {
        "id": "default/wp",
        "metadata": [
          {
            "annotations": {},
            "generate_name": "",
            "generation": 1,
            "labels": {},
            "name": "wp",
            "namespace": "default",
            "resource_version": "145187",
            "self_link": "/apis/apps/v1/namespaces/default/deployments/wp",
            "uid": "a2b259f4-9816-48eb-8c2a-801bd50fe6dd"
          }
        ],
        "spec": [
          {
            "min_ready_seconds": 0,
            "paused": false,
            "progress_deadline_seconds": 600,
            "replicas": 1,
            "revision_history_limit": 10,
            "selector": [
              {
                "match_expressions": [],
                "match_labels": {
                  "app": "wordpress"
                }
              }
            ],
            "strategy": [
              {
                "rolling_update": [
                  {
                    "max_surge": "25%",
                    "max_unavailable": "25%"
                  }
                ],
                "type": "RollingUpdate"
              }
            ],
            "template": [
              {
                "metadata": [
                  {
                    "annotations": {},
                    "generate_name": "",
                    "generation": 0,
                    "labels": {
                      "app": "wordpress"
                    },
                    "name": "wp-pod",
                    "namespace": "",
                    "resource_version": "",
                    "self_link": "",
                    "uid": ""
                  }
                ],
                "spec": [
                  {
                    "active_deadline_seconds": 0,
                    "affinity": [],
                    "automount_service_account_token": false,
                    "container": [
                      {
                        "args": [],
                        "command": [],
                        "env": [],
                        "env_from": [],
                        "image": "wordpress:4.8-apache",
                        "image_pull_policy": "IfNotPresent",
                        "lifecycle": [],
                        "liveness_probe": [],
                        "name": "wp-cloud",
                        "port": [],
                        "readiness_probe": [],
                        "resources": [
                          {
                            "limits": [],
                            "requests": []
                          }
                        ],
                        "security_context": [],
                        "startup_probe": [],
                        "stdin": false,
                        "stdin_once": false,
                        "termination_message_path": "/dev/termination-log",
                        "tty": false,
                        "volume_mount": [],
                        "working_dir": ""
                      }
                    ],
                    "dns_config": [],
                    "dns_policy": "ClusterFirst",
                    "host_aliases": [],
                    "host_ipc": false,
                    "host_network": false,
                    "host_pid": false,
                    "hostname": "",
                    "image_pull_secrets": [],
                    "init_container": [],
                    "node_name": "",
                    "node_selector": {},
                    "priority_class_name": "",
                    "restart_policy": "Always",
                    "security_context": [],
                    "service_account_name": "",
                    "share_process_namespace": false,
                    "subdomain": "",
                    "termination_grace_period_seconds": 30,
                    "toleration": [],
                    "volume": []
                  }
                ]
              }
            ]
          }
        ],
        "timeouts": null,
        "wait_for_rollout": true
      },
      "type": [
        "object",
        {
          "id": "string",
          "metadata": [
            "list",
            [
              "object",
              {
                "annotations": [
                  "map",
                  "string"
                ],
                "generate_name": "string",
                "generation": "number",
                "labels": [
                  "map",
                  "string"
                ],
                "name": "string",
                "namespace": "string",
                "resource_version": "string",
                "self_link": "string",
                "uid": "string"
              }
            ]
          ],
          "spec": [
            "list",
            [
              "object",
              {
                "min_ready_seconds": "number",
                "paused": "bool",
                "progress_deadline_seconds": "number",
                "replicas": "number",
                "revision_history_limit": "number",
                "selector": [
                  "list",
                  [
                    "object",
                    {
                      "match_expressions": [
                        "list",
                        [
                          "object",
                          {
                            "key": "string",
                            "operator": "string",
                            "values": [
                              "set",
                              "string"
                            ]
                          }
                        ]
                      ],
                      "match_labels": [
                        "map",
                        "string"
                      ]
                    }
                  ]
                ],
                "strategy": [
                  "list",
                  [
                    "object",
                    {
                      "rolling_update": [
                        "list",
                        [
                          "object",
                          {
                            "max_surge": "string",
                            "max_unavailable": "string"
                          }
                        ]
                      ],
                      "type": "string"
                    }
                  ]
                ],
                "template": [
                  "list",
                  [
                    "object",
                    {
                      "metadata": [
                        "list",
                        [
                          "object",
                          {
                            "annotations": [
                              "map",
                              "string"
                            ],
                            "generate_name": "string",
                            "generation": "number",
                            "labels": [
                              "map",
                              "string"
                            ],
                            "name": "string",
                            "namespace": "string",
                            "resource_version": "string",
                            "self_link": "string",
                            "uid": "string"
                          }
                        ]
                      ],
                      "spec": [
                        "list",
                        [
                          "object",
                          {
                            "active_deadline_seconds": "number",
                            "affinity": [
                              "list",
                              [
                                "object",
                                {
                                  "node_affinity": [
                                    "list",
                                    [
                                      "object",
                                      {
                                        "preferred_during_scheduling_ignored_during_execution": [
                                          "list",
                                          [
                                            "object",
                                            {
                                              "preference": [
                                                "list",
                                                [
                                                  "object",
                                                  {
                                                    "match_expressions": [
                                                      "list",
                                                      [
                                                        "object",
                                                        {
                                                          "key": "string",
                                                          "operator": "string",
                                                          "values": [
                                                            "set",
                                                            "string"
                                                          ]
                                                        }
                                                      ]
                                                    ]
                                                  }
                                                ]
                                              ],
                                              "weight": "number"
                                            }
                                          ]
                                        ],
                                        "required_during_scheduling_ignored_during_execution": [
                                          "list",
                                          [
                                            "object",
                                            {
                                              "node_selector_term": [
                                                "list",
                                                [
                                                  "object",
                                                  {
                                                    "match_expressions": [
                                                      "list",
                                                      [
                                                        "object",
                                                        {
                                                          "key": "string",
                                                          "operator": "string",
                                                          "values": [
                                                            "set",
                                                            "string"
                                                          ]
                                                        }
                                                      ]
                                                    ]
                                                  }
                                                ]
                                              ]
                                            }
                                          ]
                                        ]
                                      }
                                    ]
                                  ],
                                  "pod_affinity": [
                                    "list",
                                    [
                                      "object",
                                      {
                                        "preferred_during_scheduling_ignored_during_execution": [
                                          "list",
                                          [
                                            "object",
                                            {
                                              "pod_affinity_term": [
                                                "list",
                                                [
                                                  "object",
                                                  {
                                                    "label_selector": [
                                                      "list",
                                                      [
                                                        "object",
                                                        {
                                                          "match_expressions": [
                                                            "list",
                                                            [
                                                              "object",
                                                              {
                                                                "key": "string",
                                                                "operator": "string",
                                                                "values": [
                                                                  "set",
                                                                  "string"
                                                                ]
                                                              }
                                                            ]
                                                          ],
                                                          "match_labels": [
                                                            "map",
                                                            "string"
                                                          ]
                                                        }
                                                      ]
                                                    ],
                                                    "namespaces": [
                                                      "set",
                                                      "string"
                                                    ],
                                                    "topology_key": "string"
                                                  }
                                                ]
                                              ],
                                              "weight": "number"
                                            }
                                          ]
                                        ],
                                        "required_during_scheduling_ignored_during_execution": [
                                          "list",
                                          [
                                            "object",
                                            {
                                              "label_selector": [
                                                "list",
                                                [
                                                  "object",
                                                  {
                                                    "match_expressions": [
                                                      "list",
                                                      [
                                                        "object",
                                                        {
                                                          "key": "string",
                                                          "operator": "string",
                                                          "values": [
                                                            "set",
                                                            "string"
                                                          ]
                                                        }
                                                      ]
                                                    ],
                                                    "match_labels": [
                                                      "map",
                                                      "string"
                                                    ]
                                                  }
                                                ]
                                              ],
                                              "namespaces": [
                                                "set",
                                                "string"
                                              ],
                                              "topology_key": "string"
                                            }
                                          ]
                                        ]
                                      }
                                    ]
                                  ],
                                  "pod_anti_affinity": [
                                    "list",
                                    [
                                      "object",
                                      {
                                        "preferred_during_scheduling_ignored_during_execution": [
                                          "list",
                                          [
                                            "object",
                                            {
                                              "pod_affinity_term": [
                                                "list",
                                                [
                                                  "object",
                                                  {
                                                    "label_selector": [
                                                      "list",
                                                      [
                                                        "object",
                                                        {
                                                          "match_expressions": [
                                                            "list",
                                                            [
                                                              "object",
                                                              {
                                                                "key": "string",
                                                                "operator": "string",
                                                                "values": [
                                                                  "set",
                                                                  "string"
                                                                ]
                                                              }
                                                            ]
                                                          ],
                                                          "match_labels": [
                                                            "map",
                                                            "string"
                                                          ]
                                                        }
                                                      ]
                                                    ],
                                                    "namespaces": [
                                                      "set",
                                                      "string"
                                                    ],
                                                    "topology_key": "string"
                                                  }
                                                ]
                                              ],
                                              "weight": "number"
                                            }
                                          ]
                                        ],
                                        "required_during_scheduling_ignored_during_execution": [
                                          "list",
                                          [
                                            "object",
                                            {
                                              "label_selector": [
                                                "list",
                                                [
                                                  "object",
                                                  {
                                                    "match_expressions": [
                                                      "list",
                                                      [
                                                        "object",
                                                        {
                                                          "key": "string",
                                                          "operator": "string",
                                                          "values": [
                                                            "set",
                                                            "string"
                                                          ]
                                                        }
                                                      ]
                                                    ],
                                                    "match_labels": [
                                                      "map",
                                                      "string"
                                                    ]
                                                  }
                                                ]
                                              ],
                                              "namespaces": [
                                                "set",
                                                "string"
                                              ],
                                              "topology_key": "string"
                                            }
                                          ]
                                        ]
                                      }
                                    ]
                                  ]
                                }
                              ]
                            ],
                            "automount_service_account_token": "bool",
                            "container": [
                              "list",
                              [
                                "object",
                                {
                                  "args": [
                                    "list",
                                    "string"
                                  ],
                                  "command": [
                                    "list",
                                    "string"
                                  ],
                                  "env": [
                                    "list",
                                    [
                                      "object",
                                      {
                                        "name": "string",
                                        "value": "string",
                                        "value_from": [
                                          "list",
                                          [
                                            "object",
                                            {
                                              "config_map_key_ref": [
                                                "list",
                                                [
                                                  "object",
                                                  {
                                                    "key": "string",
                                                    "name": "string",
                                                    "optional": "bool"
                                                  }
                                                ]
                                              ],
                                              "field_ref": [
                                                "list",
                                                [
                                                  "object",
                                                  {
                                                    "api_version": "string",
                                                    "field_path": "string"
                                                  }
                                                ]
                                              ],
                                              "resource_field_ref": [
                                                "list",
                                                [
                                                  "object",
                                                  {
                                                    "container_name": "string",
                                                    "resource": "string"
                                                  }
                                                ]
                                              ],
                                              "secret_key_ref": [
                                                "list",
                                                [
                                                  "object",
                                                  {
                                                    "key": "string",
                                                    "name": "string",
                                                    "optional": "bool"
                                                  }
                                                ]
                                              ]
                                            }
                                          ]
                                        ]
                                      }
                                    ]
                                  ],
                                  "env_from": [
                                    "list",
                                    [
                                      "object",
                                      {
                                        "config_map_ref": [
                                          "list",
                                          [
                                            "object",
                                            {
                                              "name": "string",
                                              "optional": "bool"
                                            }
                                          ]
                                        ],
                                        "prefix": "string",
                                        "secret_ref": [
                                          "list",
                                          [
                                            "object",
                                            {
                                              "name": "string",
                                              "optional": "bool"
                                            }
                                          ]
                                        ]
                                      }
                                    ]
                                  ],
                                  "image": "string",
                                  "image_pull_policy": "string",
                                  "lifecycle": [
                                    "list",
                                    [
                                      "object",
                                      {
                                        "post_start": [
                                          "list",
                                          [
                                            "object",
                                            {
                                              "exec": [
                                                "list",
                                                [
                                                  "object",
                                                  {
                                                    "command": [
                                                      "list",
                                                      "string"
                                                    ]
                                                  }
                                                ]
                                              ],
                                              "http_get": [
                                                "list",
                                                [
                                                  "object",
                                                  {
                                                    "host": "string",
                                                    "http_header": [
                                                      "list",
                                                      [
                                                        "object",
                                                        {
                                                          "name": "string",
                                                          "value": "string"
                                                        }
                                                      ]
                                                    ],
                                                    "path": "string",
                                                    "port": "string",
                                                    "scheme": "string"
                                                  }
                                                ]
                                              ],
                                              "tcp_socket": [
                                                "list",
                                                [
                                                  "object",
                                                  {
                                                    "port": "string"
                                                  }
                                                ]
                                              ]
                                            }
                                          ]
                                        ],
                                        "pre_stop": [
                                          "list",
                                          [
                                            "object",
                                            {
                                              "exec": [
                                                "list",
                                                [
                                                  "object",
                                                  {
                                                    "command": [
                                                      "list",
                                                      "string"
                                                    ]
                                                  }
                                                ]
                                              ],
                                              "http_get": [
                                                "list",
                                                [
                                                  "object",
                                                  {
                                                    "host": "string",
                                                    "http_header": [
                                                      "list",
                                                      [
                                                        "object",
                                                        {
                                                          "name": "string",
                                                          "value": "string"
                                                        }
                                                      ]
                                                    ],
                                                    "path": "string",
                                                    "port": "string",
                                                    "scheme": "string"
                                                  }
                                                ]
                                              ],
                                              "tcp_socket": [
                                                "list",
                                                [
                                                  "object",
                                                  {
                                                    "port": "string"
                                                  }
                                                ]
                                              ]
                                            }
                                          ]
                                        ]
                                      }
                                    ]
                                  ],
                                  "liveness_probe": [
                                    "list",
                                    [
                                      "object",
                                      {
                                        "exec": [
                                          "list",
                                          [
                                            "object",
                                            {
                                              "command": [
                                                "list",
                                                "string"
                                              ]
                                            }
                                          ]
                                        ],
                                        "failure_threshold": "number",
                                        "http_get": [
                                          "list",
                                          [
                                            "object",
                                            {
                                              "host": "string",
                                              "http_header": [
                                                "list",
                                                [
                                                  "object",
                                                  {
                                                    "name": "string",
                                                    "value": "string"
                                                  }
                                                ]
                                              ],
                                              "path": "string",
                                              "port": "string",
                                              "scheme": "string"
                                            }
                                          ]
                                        ],
                                        "initial_delay_seconds": "number",
                                        "period_seconds": "number",
                                        "success_threshold": "number",
                                        "tcp_socket": [
                                          "list",
                                          [
                                            "object",
                                            {
                                              "port": "string"
                                            }
                                          ]
                                        ],
                                        "timeout_seconds": "number"
                                      }
                                    ]
                                  ],
                                  "name": "string",
                                  "port": [
                                    "list",
                                    [
                                      "object",
                                      {
                                        "container_port": "number",
                                        "host_ip": "string",
                                        "host_port": "number",
                                        "name": "string",
                                        "protocol": "string"
                                      }
                                    ]
                                  ],
                                  "readiness_probe": [
                                    "list",
                                    [
                                      "object",
                                      {
                                        "exec": [
                                          "list",
                                          [
                                            "object",
                                            {
                                              "command": [
                                                "list",
                                                "string"
                                              ]
                                            }
                                          ]
                                        ],
                                        "failure_threshold": "number",
                                        "http_get": [
                                          "list",
                                          [
                                            "object",
                                            {
                                              "host": "string",
                                              "http_header": [
                                                "list",
                                                [
                                                  "object",
                                                  {
                                                    "name": "string",
                                                    "value": "string"
                                                  }
                                                ]
                                              ],
                                              "path": "string",
                                              "port": "string",
                                              "scheme": "string"
                                            }
                                          ]
                                        ],
                                        "initial_delay_seconds": "number",
                                        "period_seconds": "number",
                                        "success_threshold": "number",
                                        "tcp_socket": [
                                          "list",
                                          [
                                            "object",
                                            {
                                              "port": "string"
                                            }
                                          ]
                                        ],
                                        "timeout_seconds": "number"
                                      }
                                    ]
                                  ],
                                  "resources": [
                                    "list",
                                    [
                                      "object",
                                      {
                                        "limits": [
                                          "list",
                                          [
                                            "object",
                                            {
                                              "cpu": "string",
                                              "memory": "string"
                                            }
                                          ]
                                        ],
                                        "requests": [
                                          "list",
                                          [
                                            "object",
                                            {
                                              "cpu": "string",
                                              "memory": "string"
                                            }
                                          ]
                                        ]
                                      }
                                    ]
                                  ],
                                  "security_context": [
                                    "list",
                                    [
                                      "object",
                                      {
                                        "allow_privilege_escalation": "bool",
                                        "capabilities": [
                                          "list",
                                          [
                                            "object",
                                            {
                                              "add": [
                                                "list",
                                                "string"
                                              ],
                                              "drop": [
                                                "list",
                                                "string"
                                              ]
                                            }
                                          ]
                                        ],
                                        "privileged": "bool",
                                        "read_only_root_filesystem": "bool",
                                        "run_as_group": "number",
                                        "run_as_non_root": "bool",
                                        "run_as_user": "number",
                                        "se_linux_options": [
                                          "list",
                                          [
                                            "object",
                                            {
                                              "level": "string",
                                              "role": "string",
                                              "type": "string",
                                              "user": "string"
                                            }
                                          ]
                                        ]
                                      }
                                    ]
                                  ],
                                  "startup_probe": [
                                    "list",
                                    [
                                      "object",
                                      {
                                        "exec": [
                                          "list",
                                          [
                                            "object",
                                            {
                                              "command": [
                                                "list",
                                                "string"
                                              ]
                                            }
                                          ]
                                        ],
                                        "failure_threshold": "number",
                                        "http_get": [
                                          "list",
                                          [
                                            "object",
                                            {
                                              "host": "string",
                                              "http_header": [
                                                "list",
                                                [
                                                  "object",
                                                  {
                                                    "name": "string",
                                                    "value": "string"
                                                  }
                                                ]
                                              ],
                                              "path": "string",
                                              "port": "string",
                                              "scheme": "string"
                                            }
                                          ]
                                        ],
                                        "initial_delay_seconds": "number",
                                        "period_seconds": "number",
                                        "success_threshold": "number",
                                        "tcp_socket": [
                                          "list",
                                          [
                                            "object",
                                            {
                                              "port": "string"
                                            }
                                          ]
                                        ],
                                        "timeout_seconds": "number"
                                      }
                                    ]
                                  ],
                                  "stdin": "bool",
                                  "stdin_once": "bool",
                                  "termination_message_path": "string",
                                  "tty": "bool",
                                  "volume_mount": [
                                    "list",
                                    [
                                      "object",
                                      {
                                        "mount_path": "string",
                                        "mount_propagation": "string",
                                        "name": "string",
                                        "read_only": "bool",
                                        "sub_path": "string"
                                      }
                                    ]
                                  ],
                                  "working_dir": "string"
                                }
                              ]
                            ],
                            "dns_config": [
                              "list",
                              [
                                "object",
                                {
                                  "nameservers": [
                                    "list",
                                    "string"
                                  ],
                                  "option": [
                                    "list",
                                    [
                                      "object",
                                      {
                                        "name": "string",
                                        "value": "string"
                                      }
                                    ]
                                  ],
                                  "searches": [
                                    "list",
                                    "string"
                                  ]
                                }
                              ]
                            ],
                            "dns_policy": "string",
                            "host_aliases": [
                              "list",
                              [
                                "object",
                                {
                                  "hostnames": [
                                    "list",
                                    "string"
                                  ],
                                  "ip": "string"
                                }
                              ]
                            ],
                            "host_ipc": "bool",
                            "host_network": "bool",
                            "host_pid": "bool",
                            "hostname": "string",
                            "image_pull_secrets": [
                              "list",
                              [
                                "object",
                                {
                                  "name": "string"
                                }
                              ]
                            ],
                            "init_container": [
                              "list",
                              [
                                "object",
                                {
                                  "args": [
                                    "list",
                                    "string"
                                  ],
                                  "command": [
                                    "list",
                                    "string"
                                  ],
                                  "env": [
                                    "list",
                                    [
                                      "object",
                                      {
                                        "name": "string",
                                        "value": "string",
                                        "value_from": [
                                          "list",
                                          [
                                            "object",
                                            {
                                              "config_map_key_ref": [
                                                "list",
                                                [
                                                  "object",
                                                  {
                                                    "key": "string",
                                                    "name": "string",
                                                    "optional": "bool"
                                                  }
                                                ]
                                              ],
                                              "field_ref": [
                                                "list",
                                                [
                                                  "object",
                                                  {
                                                    "api_version": "string",
                                                    "field_path": "string"
                                                  }
                                                ]
                                              ],
                                              "resource_field_ref": [
                                                "list",
                                                [
                                                  "object",
                                                  {
                                                    "container_name": "string",
                                                    "resource": "string"
                                                  }
                                                ]
                                              ],
                                              "secret_key_ref": [
                                                "list",
                                                [
                                                  "object",
                                                  {
                                                    "key": "string",
                                                    "name": "string",
                                                    "optional": "bool"
                                                  }
                                                ]
                                              ]
                                            }
                                          ]
                                        ]
                                      }
                                    ]
                                  ],
                                  "env_from": [
                                    "list",
                                    [
                                      "object",
                                      {
                                        "config_map_ref": [
                                          "list",
                                          [
                                            "object",
                                            {
                                              "name": "string",
                                              "optional": "bool"
                                            }
                                          ]
                                        ],
                                        "prefix": "string",
                                        "secret_ref": [
                                          "list",
                                          [
                                            "object",
                                            {
                                              "name": "string",
                                              "optional": "bool"
                                            }
                                          ]
                                        ]
                                      }
                                    ]
                                  ],
                                  "image": "string",
                                  "image_pull_policy": "string",
                                  "lifecycle": [
                                    "list",
                                    [
                                      "object",
                                      {
                                        "post_start": [
                                          "list",
                                          [
                                            "object",
                                            {
                                              "exec": [
                                                "list",
                                                [
                                                  "object",
                                                  {
                                                    "command": [
                                                      "list",
                                                      "string"
                                                    ]
                                                  }
                                                ]
                                              ],
                                              "http_get": [
                                                "list",
                                                [
                                                  "object",
                                                  {
                                                    "host": "string",
                                                    "http_header": [
                                                      "list",
                                                      [
                                                        "object",
                                                        {
                                                          "name": "string",
                                                          "value": "string"
                                                        }
                                                      ]
                                                    ],
                                                    "path": "string",
                                                    "port": "string",
                                                    "scheme": "string"
                                                  }
                                                ]
                                              ],
                                              "tcp_socket": [
                                                "list",
                                                [
                                                  "object",
                                                  {
                                                    "port": "string"
                                                  }
                                                ]
                                              ]
                                            }
                                          ]
                                        ],
                                        "pre_stop": [
                                          "list",
                                          [
                                            "object",
                                            {
                                              "exec": [
                                                "list",
                                                [
                                                  "object",
                                                  {
                                                    "command": [
                                                      "list",
                                                      "string"
                                                    ]
                                                  }
                                                ]
                                              ],
                                              "http_get": [
                                                "list",
                                                [
                                                  "object",
                                                  {
                                                    "host": "string",
                                                    "http_header": [
                                                      "list",
                                                      [
                                                        "object",
                                                        {
                                                          "name": "string",
                                                          "value": "string"
                                                        }
                                                      ]
                                                    ],
                                                    "path": "string",
                                                    "port": "string",
                                                    "scheme": "string"
                                                  }
                                                ]
                                              ],
                                              "tcp_socket": [
                                                "list",
                                                [
                                                  "object",
                                                  {
                                                    "port": "string"
                                                  }
                                                ]
                                              ]
                                            }
                                          ]
                                        ]
                                      }
                                    ]
                                  ],
                                  "liveness_probe": [
                                    "list",
                                    [
                                      "object",
                                      {
                                        "exec": [
                                          "list",
                                          [
                                            "object",
                                            {
                                              "command": [
                                                "list",
                                                "string"
                                              ]
                                            }
                                          ]
                                        ],
                                        "failure_threshold": "number",
                                        "http_get": [
                                          "list",
                                          [
                                            "object",
                                            {
                                              "host": "string",
                                              "http_header": [
                                                "list",
                                                [
                                                  "object",
                                                  {
                                                    "name": "string",
                                                    "value": "string"
                                                  }
                                                ]
                                              ],
                                              "path": "string",
                                              "port": "string",
                                              "scheme": "string"
                                            }
                                          ]
                                        ],
                                        "initial_delay_seconds": "number",
                                        "period_seconds": "number",
                                        "success_threshold": "number",
                                        "tcp_socket": [
                                          "list",
                                          [
                                            "object",
                                            {
                                              "port": "string"
                                            }
                                          ]
                                        ],
                                        "timeout_seconds": "number"
                                      }
                                    ]
                                  ],
                                  "name": "string",
                                  "port": [
                                    "list",
                                    [
                                      "object",
                                      {
                                        "container_port": "number",
                                        "host_ip": "string",
                                        "host_port": "number",
                                        "name": "string",
                                        "protocol": "string"
                                      }
                                    ]
                                  ],
                                  "readiness_probe": [
                                    "list",
                                    [
                                      "object",
                                      {
                                        "exec": [
                                          "list",
                                          [
                                            "object",
                                            {
                                              "command": [
                                                "list",
                                                "string"
                                              ]
                                            }
                                          ]
                                        ],
                                        "failure_threshold": "number",
                                        "http_get": [
                                          "list",
                                          [
                                            "object",
                                            {
                                              "host": "string",
                                              "http_header": [
                                                "list",
                                                [
                                                  "object",
                                                  {
                                                    "name": "string",
                                                    "value": "string"
                                                  }
                                                ]
                                              ],
                                              "path": "string",
                                              "port": "string",
                                              "scheme": "string"
                                            }
                                          ]
                                        ],
                                        "initial_delay_seconds": "number",
                                        "period_seconds": "number",
                                        "success_threshold": "number",
                                        "tcp_socket": [
                                          "list",
                                          [
                                            "object",
                                            {
                                              "port": "string"
                                            }
                                          ]
                                        ],
                                        "timeout_seconds": "number"
                                      }
                                    ]
                                  ],
                                  "resources": [
                                    "list",
                                    [
                                      "object",
                                      {
                                        "limits": [
                                          "list",
                                          [
                                            "object",
                                            {
                                              "cpu": "string",
                                              "memory": "string"
                                            }
                                          ]
                                        ],
                                        "requests": [
                                          "list",
                                          [
                                            "object",
                                            {
                                              "cpu": "string",
                                              "memory": "string"
                                            }
                                          ]
                                        ]
                                      }
                                    ]
                                  ],
                                  "security_context": [
                                    "list",
                                    [
                                      "object",
                                      {
                                        "allow_privilege_escalation": "bool",
                                        "capabilities": [
                                          "list",
                                          [
                                            "object",
                                            {
                                              "add": [
                                                "list",
                                                "string"
                                              ],
                                              "drop": [
                                                "list",
                                                "string"
                                              ]
                                            }
                                          ]
                                        ],
                                        "privileged": "bool",
                                        "read_only_root_filesystem": "bool",
                                        "run_as_group": "number",
                                        "run_as_non_root": "bool",
                                        "run_as_user": "number",
                                        "se_linux_options": [
                                          "list",
                                          [
                                            "object",
                                            {
                                              "level": "string",
                                              "role": "string",
                                              "type": "string",
                                              "user": "string"
                                            }
                                          ]
                                        ]
                                      }
                                    ]
                                  ],
                                  "startup_probe": [
                                    "list",
                                    [
                                      "object",
                                      {
                                        "exec": [
                                          "list",
                                          [
                                            "object",
                                            {
                                              "command": [
                                                "list",
                                                "string"
                                              ]
                                            }
                                          ]
                                        ],
                                        "failure_threshold": "number",
                                        "http_get": [
                                          "list",
                                          [
                                            "object",
                                            {
                                              "host": "string",
                                              "http_header": [
                                                "list",
                                                [
                                                  "object",
                                                  {
                                                    "name": "string",
                                                    "value": "string"
                                                  }
                                                ]
                                              ],
                                              "path": "string",
                                              "port": "string",
                                              "scheme": "string"
                                            }
                                          ]
                                        ],
                                        "initial_delay_seconds": "number",
                                        "period_seconds": "number",
                                        "success_threshold": "number",
                                        "tcp_socket": [
                                          "list",
                                          [
                                            "object",
                                            {
                                              "port": "string"
                                            }
                                          ]
                                        ],
                                        "timeout_seconds": "number"
                                      }
                                    ]
                                  ],
                                  "stdin": "bool",
                                  "stdin_once": "bool",
                                  "termination_message_path": "string",
                                  "tty": "bool",
                                  "volume_mount": [
                                    "list",
                                    [
                                      "object",
                                      {
                                        "mount_path": "string",
                                        "mount_propagation": "string",
                                        "name": "string",
                                        "read_only": "bool",
                                        "sub_path": "string"
                                      }
                                    ]
                                  ],
                                  "working_dir": "string"
                                }
                              ]
                            ],
                            "node_name": "string",
                            "node_selector": [
                              "map",
                              "string"
                            ],
                            "priority_class_name": "string",
                            "restart_policy": "string",
                            "security_context": [
                              "list",
                              [
                                "object",
                                {
                                  "fs_group": "number",
                                  "run_as_group": "number",
                                  "run_as_non_root": "bool",
                                  "run_as_user": "number",
                                  "se_linux_options": [
                                    "list",
                                    [
                                      "object",
                                      {
                                        "level": "string",
                                        "role": "string",
                                        "type": "string",
                                        "user": "string"
                                      }
                                    ]
                                  ],
                                  "supplemental_groups": [
                                    "set",
                                    "number"
                                  ]
                                }
                              ]
                            ],
                            "service_account_name": "string",
                            "share_process_namespace": "bool",
                            "subdomain": "string",
                            "termination_grace_period_seconds": "number",
                            "toleration": [
                              "list",
                              [
                                "object",
                                {
                                  "effect": "string",
                                  "key": "string",
                                  "operator": "string",
                                  "toleration_seconds": "string",
                                  "value": "string"
                                }
                              ]
                            ],
                            "volume": [
                              "list",
                              [
                                "object",
                                {
                                  "aws_elastic_block_store": [
                                    "list",
                                    [
                                      "object",
                                      {
                                        "fs_type": "string",
                                        "partition": "number",
                                        "read_only": "bool",
                                        "volume_id": "string"
                                      }
                                    ]
                                  ],
                                  "azure_disk": [
                                    "list",
                                    [
                                      "object",
                                      {
                                        "caching_mode": "string",
                                        "data_disk_uri": "string",
                                        "disk_name": "string",
                                        "fs_type": "string",
                                        "read_only": "bool"
                                      }
                                    ]
                                  ],
                                  "azure_file": [
                                    "list",
                                    [
                                      "object",
                                      {
                                        "read_only": "bool",
                                        "secret_name": "string",
                                        "share_name": "string"
                                      }
                                    ]
                                  ],
                                  "ceph_fs": [
                                    "list",
                                    [
                                      "object",
                                      {
                                        "monitors": [
                                          "set",
                                          "string"
                                        ],
                                        "path": "string",
                                        "read_only": "bool",
                                        "secret_file": "string",
                                        "secret_ref": [
                                          "list",
                                          [
                                            "object",
                                            {
                                              "name": "string",
                                              "namespace": "string"
                                            }
                                          ]
                                        ],
                                        "user": "string"
                                      }
                                    ]
                                  ],
                                  "cinder": [
                                    "list",
                                    [
                                      "object",
                                      {
                                        "fs_type": "string",
                                        "read_only": "bool",
                                        "volume_id": "string"
                                      }
                                    ]
                                  ],
                                  "config_map": [
                                    "list",
                                    [
                                      "object",
                                      {
                                        "default_mode": "string",
                                        "items": [
                                          "list",
                                          [
                                            "object",
                                            {
                                              "key": "string",
                                              "mode": "string",
                                              "path": "string"
                                            }
                                          ]
                                        ],
                                        "name": "string",
                                        "optional": "bool"
                                      }
                                    ]
                                  ],
                                  "csi": [
                                    "list",
                                    [
                                      "object",
                                      {
                                        "controller_expand_secret_ref": [
                                          "list",
                                          [
                                            "object",
                                            {
                                              "name": "string",
                                              "namespace": "string"
                                            }
                                          ]
                                        ],
                                        "controller_publish_secret_ref": [
                                          "list",
                                          [
                                            "object",
                                            {
                                              "name": "string",
                                              "namespace": "string"
                                            }
                                          ]
                                        ],
                                        "driver": "string",
                                        "fs_type": "string",
                                        "node_publish_secret_ref": [
                                          "list",
                                          [
                                            "object",
                                            {
                                              "name": "string",
                                              "namespace": "string"
                                            }
                                          ]
                                        ],
                                        "node_stage_secret_ref": [
                                          "list",
                                          [
                                            "object",
                                            {
                                              "name": "string",
                                              "namespace": "string"
                                            }
                                          ]
                                        ],
                                        "read_only": "bool",
                                        "volume_attributes": [
                                          "map",
                                          "string"
                                        ],
                                        "volume_handle": "string"
                                      }
                                    ]
                                  ],
                                  "downward_api": [
                                    "list",
                                    [
                                      "object",
                                      {
                                        "default_mode": "string",
                                        "items": [
                                          "list",
                                          [
                                            "object",
                                            {
                                              "field_ref": [
                                                "list",
                                                [
                                                  "object",
                                                  {
                                                    "api_version": "string",
                                                    "field_path": "string"
                                                  }
                                                ]
                                              ],
                                              "mode": "string",
                                              "path": "string",
                                              "resource_field_ref": [
                                                "list",
                                                [
                                                  "object",
                                                  {
                                                    "container_name": "string",
                                                    "quantity": "string",
                                                    "resource": "string"
                                                  }
                                                ]
                                              ]
                                            }
                                          ]
                                        ]
                                      }
                                    ]
                                  ],
                                  "empty_dir": [
                                    "list",
                                    [
                                      "object",
                                      {
                                        "medium": "string"
                                      }
                                    ]
                                  ],
                                  "fc": [
                                    "list",
                                    [
                                      "object",
                                      {
                                        "fs_type": "string",
                                        "lun": "number",
                                        "read_only": "bool",
                                        "target_ww_ns": [
                                          "set",
                                          "string"
                                        ]
                                      }
                                    ]
                                  ],
                                  "flex_volume": [
                                    "list",
                                    [
                                      "object",
                                      {
                                        "driver": "string",
                                        "fs_type": "string",
                                        "options": [
                                          "map",
                                          "string"
                                        ],
                                        "read_only": "bool",
                                        "secret_ref": [
                                          "list",
                                          [
                                            "object",
                                            {
                                              "name": "string",
                                              "namespace": "string"
                                            }
                                          ]
                                        ]
                                      }
                                    ]
                                  ],
                                  "flocker": [
                                    "list",
                                    [
                                      "object",
                                      {
                                        "dataset_name": "string",
                                        "dataset_uuid": "string"
                                      }
                                    ]
                                  ],
                                  "gce_persistent_disk": [
                                    "list",
                                    [
                                      "object",
                                      {
                                        "fs_type": "string",
                                        "partition": "number",
                                        "pd_name": "string",
                                        "read_only": "bool"
                                      }
                                    ]
                                  ],
                                  "git_repo": [
                                    "list",
                                    [
                                      "object",
                                      {
                                        "directory": "string",
                                        "repository": "string",
                                        "revision": "string"
                                      }
                                    ]
                                  ],
                                  "glusterfs": [
                                    "list",
                                    [
                                      "object",
                                      {
                                        "endpoints_name": "string",
                                        "path": "string",
                                        "read_only": "bool"
                                      }
                                    ]
                                  ],
                                  "host_path": [
                                    "list",
                                    [
                                      "object",
                                      {
                                        "path": "string",
                                        "type": "string"
                                      }
                                    ]
                                  ],
                                  "iscsi": [
                                    "list",
                                    [
                                      "object",
                                      {
                                        "fs_type": "string",
                                        "iqn": "string",
                                        "iscsi_interface": "string",
                                        "lun": "number",
                                        "read_only": "bool",
                                        "target_portal": "string"
                                      }
                                    ]
                                  ],
                                  "local": [
                                    "list",
                                    [
                                      "object",
                                      {
                                        "path": "string"
                                      }
                                    ]
                                  ],
                                  "name": "string",
                                  "nfs": [
                                    "list",
                                    [
                                      "object",
                                      {
                                        "path": "string",
                                        "read_only": "bool",
                                        "server": "string"
                                      }
                                    ]
                                  ],
                                  "persistent_volume_claim": [
                                    "list",
                                    [
                                      "object",
                                      {
                                        "claim_name": "string",
                                        "read_only": "bool"
                                      }
                                    ]
                                  ],
                                  "photon_persistent_disk": [
                                    "list",
                                    [
                                      "object",
                                      {
                                        "fs_type": "string",
                                        "pd_id": "string"
                                      }
                                    ]
                                  ],
                                  "quobyte": [
                                    "list",
                                    [
                                      "object",
                                      {
                                        "group": "string",
                                        "read_only": "bool",
                                        "registry": "string",
                                        "user": "string",
                                        "volume": "string"
                                      }
                                    ]
                                  ],
                                  "rbd": [
                                    "list",
                                    [
                                      "object",
                                      {
                                        "ceph_monitors": [
                                          "set",
                                          "string"
                                        ],
                                        "fs_type": "string",
                                        "keyring": "string",
                                        "rados_user": "string",
                                        "rbd_image": "string",
                                        "rbd_pool": "string",
                                        "read_only": "bool",
                                        "secret_ref": [
                                          "list",
                                          [
                                            "object",
                                            {
                                              "name": "string",
                                              "namespace": "string"
                                            }
                                          ]
                                        ]
                                      }
                                    ]
                                  ],
                                  "secret": [
                                    "list",
                                    [
                                      "object",
                                      {
                                        "default_mode": "string",
                                        "items": [
                                          "list",
                                          [
                                            "object",
                                            {
                                              "key": "string",
                                              "mode": "string",
                                              "path": "string"
                                            }
                                          ]
                                        ],
                                        "optional": "bool",
                                        "secret_name": "string"
                                      }
                                    ]
                                  ],
                                  "vsphere_volume": [
                                    "list",
                                    [
                                      "object",
                                      {
                                        "fs_type": "string",
                                        "volume_path": "string"
                                      }
                                    ]
                                  ]
                                }
                              ]
                            ]
                          }
                        ]
                      ]
                    }
                  ]
                ]
              }
            ]
          ],
          "timeouts": [
            "object",
            {
              "create": "string",
              "delete": "string",
              "update": "string"
            }
          ],
          "wait_for_rollout": "bool"
        }
      ]
    }
  },
  "resources": [
    {
      "mode": "managed",
      "type": "aws_db_instance",
      "name": "mysql",
      "provider": "provider.aws",
      "instances": [
        {
          "schema_version": 1,
          "attributes": {
            "address": "terraform-20200901120051568400000001.cqkiha4h0fuo.ap-south-1.rds.amazonaws.com",
            "allocated_storage": 20,
            "allow_major_version_upgrade": null,
            "apply_immediately": null,
            "arn": "arn:aws:rds:ap-south-1:392321515585:db:terraform-20200901120051568400000001",
            "auto_minor_version_upgrade": true,
            "availability_zone": "ap-south-1b",
            "backup_retention_period": 0,
            "backup_window": "23:17-23:47",
            "ca_cert_identifier": "rds-ca-2019",
            "character_set_name": null,
            "copy_tags_to_snapshot": false,
            "db_subnet_group_name": "default",
            "delete_automated_backups": true,
            "deletion_protection": false,
            "domain": "",
            "domain_iam_role_name": "",
            "enabled_cloudwatch_logs_exports": [],
            "endpoint": "terraform-20200901120051568400000001.cqkiha4h0fuo.ap-south-1.rds.amazonaws.com:3306",
            "engine": "mysql",
            "engine_version": "5.7.30",
            "final_snapshot_identifier": "false",
            "hosted_zone_id": "Z2VFMSZA74J7XZ",
            "iam_database_authentication_enabled": false,
            "id": "terraform-20200901120051568400000001",
            "identifier": "terraform-20200901120051568400000001",
            "identifier_prefix": null,
            "instance_class": "db.t2.micro",
            "iops": 0,
            "kms_key_id": "",
            "license_model": "general-public-license",
            "maintenance_window": "sat:12:09-sat:12:39",
            "max_allocated_storage": 0,
            "monitoring_interval": 0,
            "monitoring_role_arn": "",
            "multi_az": false,
            "name": "mysql_wordpress",
            "option_group_name": "default:mysql-5-7",
            "parameter_group_name": "default.mysql5.7",
            "password": "juzer7894",
            "performance_insights_enabled": false,
            "performance_insights_kms_key_id": "",
            "performance_insights_retention_period": 0,
            "port": 3306,
            "publicly_accessible": true,
            "replicas": [],
            "replicate_source_db": "",
            "resource_id": "db-UYFCW2S46SUEOJPAFIMUSQDTDA",
            "s3_import": [],
            "security_group_names": [],
            "skip_final_snapshot": true,
            "snapshot_identifier": null,
            "status": "available",
            "storage_encrypted": false,
            "storage_type": "gp2",
            "tags": {},
            "timeouts": null,
            "timezone": "",
            "username": "admin",
            "vpc_security_group_ids": [
              "sg-0fcb7316905fae3b5"
            ]
          },
          "private": "eyJlMmJmYjczMC1lY2FhLTExZTYtOGY4OC0zNDM2M2JjN2M0YzAiOnsiY3JlYXRlIjoyNDAwMDAwMDAwMDAwLCJkZWxldGUiOjI0MDAwMDAwMDAwMDAsInVwZGF0ZSI6NDgwMDAwMDAwMDAwMH0sInNjaGVtYV92ZXJzaW9uIjoiMSJ9",
          "dependencies": [
            "aws_security_group.sql_sg"
          ]
        }
      ]
    },
    {
      "mode": "managed",
      "type": "aws_security_group",
      "name": "sql_sg",
      "provider": "provider.aws",
      "instances": [
        {
          "schema_version": 1,
          "attributes": {
            "arn": "arn:aws:ec2:ap-south-1:392321515585:security-group/sg-0fcb7316905fae3b5",
            "description": "Allow MYSQL inbound traffic",
            "egress": [
              {
                "cidr_blocks": [
                  "0.0.0.0/0"
                ],
                "description": "",
                "from_port": 0,
                "ipv6_cidr_blocks": [],
                "prefix_list_ids": [],
                "protocol": "-1",
                "security_groups": [],
                "self": false,
                "to_port": 0
              }
            ],
            "id": "sg-0fcb7316905fae3b5",
            "ingress": [
              {
                "cidr_blocks": [
                  "0.0.0.0/0"
                ],
                "description": "Allow MYSQL",
                "from_port": 3306,
                "ipv6_cidr_blocks": [],
                "prefix_list_ids": [],
                "protocol": "tcp",
                "security_groups": [],
                "self": false,
                "to_port": 3306
              }
            ],
            "name": "mysql_db_sg",
            "name_prefix": "",
            "owner_id": "392321515585",
            "revoke_rules_on_delete": false,
            "tags": {
              "Name": "allow_mysql"
            },
            "timeouts": null,
            "vpc_id": "vpc-5de8f535"
          },
          "private": "eyJlMmJmYjczMC1lY2FhLTExZTYtOGY4OC0zNDM2M2JjN2M0YzAiOnsiY3JlYXRlIjo2MDAwMDAwMDAwMDAsImRlbGV0ZSI6NjAwMDAwMDAwMDAwfSwic2NoZW1hX3ZlcnNpb24iOiIxIn0="
        }
      ]
    },
    {
      "mode": "managed",
      "type": "kubernetes_deployment",
      "name": "WordPress_deploy",
      "provider": "provider.kubernetes",
      "instances": [
        {
          "schema_version": 0,
          "attributes": {
            "id": "default/wp",
            "metadata": [
              {
                "annotations": {},
                "generate_name": "",
                "generation": 1,
                "labels": {},
                "name": "wp",
                "namespace": "default",
                "resource_version": "145187",
                "self_link": "/apis/apps/v1/namespaces/default/deployments/wp",
                "uid": "a2b259f4-9816-48eb-8c2a-801bd50fe6dd"
              }
            ],
            "spec": [
              {
                "min_ready_seconds": 0,
                "paused": false,
                "progress_deadline_seconds": 600,
                "replicas": 1,
                "revision_history_limit": 10,
                "selector": [
                  {
                    "match_expressions": [],
                    "match_labels": {
                      "app": "wordpress"
                    }
                  }
                ],
                "strategy": [
                  {
                    "rolling_update": [
                      {
                        "max_surge": "25%",
                        "max_unavailable": "25%"
                      }
                    ],
                    "type": "RollingUpdate"
                  }
                ],
                "template": [
                  {
                    "metadata": [
                      {
                        "annotations": {},
                        "generate_name": "",
                        "generation": 0,
                        "labels": {
                          "app": "wordpress"
                        },
                        "name": "wp-pod",
                        "namespace": "",
                        "resource_version": "",
                        "self_link": "",
                        "uid": ""
                      }
                    ],
                    "spec": [
                      {
                        "active_deadline_seconds": 0,
                        "affinity": [],
                        "automount_service_account_token": false,
                        "container": [
                          {
                            "args": [],
                            "command": [],
                            "env": [],
                            "env_from": [],
                            "image": "wordpress:4.8-apache",
                            "image_pull_policy": "IfNotPresent",
                            "lifecycle": [],
                            "liveness_probe": [],
                            "name": "wp-cloud",
                            "port": [],
                            "readiness_probe": [],
                            "resources": [
                              {
                                "limits": [],
                                "requests": []
                              }
                            ],
                            "security_context": [],
                            "startup_probe": [],
                            "stdin": false,
                            "stdin_once": false,
                            "termination_message_path": "/dev/termination-log",
                            "tty": false,
                            "volume_mount": [],
                            "working_dir": ""
                          }
                        ],
                        "dns_config": [],
                        "dns_policy": "ClusterFirst",
                        "host_aliases": [],
                        "host_ipc": false,
                        "host_network": false,
                        "host_pid": false,
                        "hostname": "",
                        "image_pull_secrets": [],
                        "init_container": [],
                        "node_name": "",
                        "node_selector": {},
                        "priority_class_name": "",
                        "restart_policy": "Always",
                        "security_context": [],
                        "service_account_name": "",
                        "share_process_namespace": false,
                        "subdomain": "",
                        "termination_grace_period_seconds": 30,
                        "toleration": [],
                        "volume": []
                      }
                    ]
                  }
                ]
              }
            ],
            "timeouts": null,
            "wait_for_rollout": true
          },
          "private": "eyJlMmJmYjczMC1lY2FhLTExZTYtOGY4OC0zNDM2M2JjN2M0YzAiOnsiY3JlYXRlIjo2MDAwMDAwMDAwMDAsImRlbGV0ZSI6NjAwMDAwMDAwMDAwLCJ1cGRhdGUiOjYwMDAwMDAwMDAwMH19",
          "dependencies": [
            "aws_db_instance.mysql"
          ]
        }
      ]
    },
    {
      "mode": "managed",
      "type": "kubernetes_service",
      "name": "service",
      "provider": "provider.kubernetes",
      "instances": [
        {
          "schema_version": 0,
          "attributes": {
            "id": "default/wp-service",
            "load_balancer_ingress": [],
            "metadata": [
              {
                "annotations": null,
                "generate_name": "",
                "generation": 0,
                "labels": null,
                "name": "wp-service",
                "namespace": "default",
                "resource_version": "145889",
                "self_link": "/api/v1/namespaces/default/services/wp-service",
                "uid": "2ee11106-b2db-45ea-b615-d59a369e5ffe"
              }
            ],
            "spec": [
              {
                "cluster_ip": "10.110.154.245",
                "external_ips": null,
                "external_name": "",
                "external_traffic_policy": "Cluster",
                "load_balancer_ip": "",
                "load_balancer_source_ranges": null,
                "port": [
                  {
                    "name": "",
                    "node_port": 31218,
                    "port": 8080,
                    "protocol": "TCP",
                    "target_port": "80"
                  }
                ],
                "publish_not_ready_addresses": false,
                "selector": {
                  "app": "wordpress"
                },
                "session_affinity": "None",
                "type": "NodePort"
              }
            ],
            "timeouts": null
          },
          "private": "eyJlMmJmYjczMC1lY2FhLTExZTYtOGY4OC0zNDM2M2JjN2M0YzAiOnsiY3JlYXRlIjo2MDAwMDAwMDAwMDB9fQ==",
          "dependencies": [
            "kubernetes_deployment.WordPress_deploy"
          ]
        }
      ]
    }
  ]
}
